dependencies:
- name: grafana
  repository: https://grafana.github.io/helm-charts
  version: 10.5.15
- name: postgresql
  repository: https://charts.bitnami.com/bitnami
  version: 18.6.7
- name: valkey
  repository: https://charts.bitnami.com/bitnami
  version: 6.0.0
digest: sha256:fe88c7a9f132fb9575d37583161ee8efa0333b5fefdf4f5e6ddb30361e1e8d1e
generated: "2026-05-23T16:29:24.150978925Z"
