dependencies:
- name: grafana
  repository: https://grafana.github.io/helm-charts
  version: 10.5.15
- name: postgresql
  repository: https://charts.bitnami.com/bitnami
  version: 18.6.7
- name: valkey
  repository: https://charts.bitnami.com/bitnami
  version: 5.6.5
digest: sha256:98222ca19cb664487687cdac4324f0e5e8938ca011f9f183a6be1215c800e696
generated: "2026-05-21T09:41:44.595005716Z"
