dependencies:
- name: grafana
  repository: https://grafana.github.io/helm-charts
  version: 10.5.15
- name: postgresql
  repository: https://charts.bitnami.com/bitnami
  version: 18.6.7
- name: valkey
  repository: https://charts.bitnami.com/bitnami
  version: 6.0.2
digest: sha256:1763a0d9d77edbc7020d452188a505ea66363748f04f11fbace0077cc0308df9
generated: "2026-05-25T00:46:30.107089008Z"
