dependencies:
- name: immich
  repository: oci://ghcr.io/immich-app/immich-charts
  version: 0.11.1
- name: valkey
  repository: https://charts.bitnami.com/bitnami
  version: 6.0.0
digest: sha256:1612a89ab9c08e0f5eeeaca3eda437faf1caa50116bd3166e55f0a623ec806fc
generated: "2026-05-23T16:29:44.932472346Z"
