dependencies:
- name: immich
  repository: oci://ghcr.io/immich-app/immich-charts
  version: 0.11.1
- name: valkey
  repository: https://charts.bitnami.com/bitnami
  version: 5.6.5
digest: sha256:f35c9d4a309f03de61f8c2e7b897d25329bd8cf11ba989cfa91237501f946675
generated: "2026-05-18T11:01:18.279694683Z"
